<Solution>
  <Configurations>
    <BuildType Name="Debug" />
    <BuildType Name="Release" />
    <Platform Name="AnyCPU" />
  </Configurations>
  <Folder Name="/Foundation/">
    <Project Path="Nexa.Core/Nexa.Core.csproj" />
    <Project Path="Nexa.Domain/Nexa.Domain.csproj" />
    <Project Path="Nexa.Contracts/Nexa.Contracts.csproj" />
  </Folder>
  <Folder Name="/XSR/">
    <Project Path="Nexa.Xsr.Abstractions/Nexa.Xsr.Abstractions.csproj" />
    <Project Path="Nexa.Xsr.Runtime/Nexa.Xsr.Runtime.csproj" />
    <Project Path="tools/Nexa.Xsr.Patch.Compiler/Nexa.Xsr.Patch.Compiler.csproj" />
    <Project Path="Nexa.Xsr.State/Nexa.Xsr.State.csproj" />
    <Project Path="Nexa.Xsr.Diagnostics/Nexa.Xsr.Diagnostics.csproj" />
  </Folder>
  <Folder Name="/Services/">
    <Project Path="Nexa.Platform.Abstractions/Nexa.Platform.Abstractions.csproj" />
    <Project Path="Nexa.Platform.Runtime/Nexa.Platform.Runtime.csproj" />
    <Project Path="Nexa.Services/Nexa.Services.csproj" />
    <Project Path="Nexa.Services.Composition/Nexa.Services.Composition.csproj" />
    <Project Path="Nexa.Services.Accounts/Nexa.Services.Accounts.csproj" />
    <Project Path="Nexa.Services.Accounts.Contracts/Nexa.Services.Accounts.Contracts.csproj" />
    <Project Path="Nexa.Services.Capabilities/Nexa.Services.Capabilities.csproj" />
    <Project Path="Nexa.Services.Capabilities.Contracts/Nexa.Services.Capabilities.Contracts.csproj" />
    <Project Path="Nexa.Services.Common/Nexa.Services.Common.csproj" />
    <Project Path="Nexa.Services.Common.Contracts/Nexa.Services.Common.Contracts.csproj" />
    <Project Path="Nexa.Services.Foundation.Contracts/Nexa.Services.Foundation.Contracts.csproj" />
    <Project Path="Nexa.Services.Minecraft.Assets.Contracts/Nexa.Services.Minecraft.Assets.Contracts.csproj" />
    <Project Path="Nexa.Services.Minecraft.Crash.Contracts/Nexa.Services.Minecraft.Crash.Contracts.csproj" />
    <Project Path="Nexa.Services.Minecraft.Downloads.Contracts/Nexa.Services.Minecraft.Downloads.Contracts.csproj" />
    <Project Path="Nexa.Services.Minecraft.Install/Nexa.Services.Minecraft.Install.csproj" />
    <Project Path="Nexa.Services.Minecraft.Install.Contracts/Nexa.Services.Minecraft.Install.Contracts.csproj" />
    <Project Path="Nexa.Services.Minecraft.Java/Nexa.Services.Minecraft.Java.csproj" />
    <Project Path="Nexa.Services.Minecraft.Java.Contracts/Nexa.Services.Minecraft.Java.Contracts.csproj" />
    <Project Path="Nexa.Services.Minecraft.Launch/Nexa.Services.Minecraft.Launch.csproj" />
    <Project Path="Nexa.Services.Minecraft.Launch.Contracts/Nexa.Services.Minecraft.Launch.Contracts.csproj" />
    <Project Path="Nexa.Services.Minecraft.Library.Contracts/Nexa.Services.Minecraft.Library.Contracts.csproj" />
    <Project Path="Nexa.Services.Minecraft.Management/Nexa.Services.Minecraft.Management.csproj" />
    <Project Path="Nexa.Services.Minecraft.Management.Contracts/Nexa.Services.Minecraft.Management.Contracts.csproj" />
    <Project Path="Nexa.Services.Minecraft.Metadata/Nexa.Services.Minecraft.Metadata.csproj" />
    <Project Path="Nexa.Services.Minecraft.Process/Nexa.Services.Minecraft.Process.csproj" />
    <Project Path="Nexa.Services.Minecraft.Process.Contracts/Nexa.Services.Minecraft.Process.Contracts.csproj" />
    <Project Path="Nexa.Services.Network/Nexa.Services.Network.csproj" />
    <Project Path="Nexa.Services.Network.Contracts/Nexa.Services.Network.Contracts.csproj" />
    <Project Path="Nexa.Services.Recovery.Storage/Nexa.Services.Recovery.Storage.csproj" />
    <Project Path="Nexa.Services.Resources/Nexa.Services.Resources.csproj" />
    <Project Path="Nexa.Services.Resources.Contracts/Nexa.Services.Resources.Contracts.csproj" />
    <Project Path="Nexa.Services.Rollouts/Nexa.Services.Rollouts.csproj" />
    <Project Path="Nexa.Services.Rollouts.Contracts/Nexa.Services.Rollouts.Contracts.csproj" />
    <Project Path="Nexa.Services.Settings/Nexa.Services.Settings.csproj" />
    <Project Path="Nexa.Services.Settings.Contracts/Nexa.Services.Settings.Contracts.csproj" />
    <Project Path="Nexa.Services.Setup/Nexa.Services.Setup.csproj" />
    <Project Path="Nexa.Services.Setup.Contracts/Nexa.Services.Setup.Contracts.csproj" />
    <Project Path="Nexa.Services.Telemetry/Nexa.Services.Telemetry.csproj" />
    <Project Path="Nexa.Services.Telemetry.Contracts/Nexa.Services.Telemetry.Contracts.csproj" />
    <Project Path="Nexa.Services.Updates/Nexa.Services.Updates.csproj" />
    <Project Path="Nexa.Services.Updates.Contracts/Nexa.Services.Updates.Contracts.csproj" />
  </Folder>
  <Folder Name="/Renderer/">
    <Project Path="Nexa.UI.Next/Nexa.UI.Next.csproj" />
    <Project Path="Nexa.UI.Next.Backend.Avalonia/Nexa.UI.Next.Backend.Avalonia.csproj" />
    <Project Path="Nexa.UI.Next.Benchmarks/Nexa.UI.Next.Benchmarks.csproj" />
  </Folder>
  <Folder Name="/PXML/">
    <Project Path="Nexa.Pxml.Compiler/Nexa.Pxml.Compiler.csproj" />
    <Project Path="Nexa.Pxml.Runtime/Nexa.Pxml.Runtime.csproj" />
    <Project Path="Nexa.Pxml.Generators/Nexa.Pxml.Generators.csproj" />
  </Folder>
  <Folder Name="/Sidecar/">
    <Project Path="Nexa.Sidecar.Protocol/Nexa.Sidecar.Protocol.csproj" />
    <Project Path="Nexa.Sidecar.Transport/Nexa.Sidecar.Transport.csproj" />
  </Folder>
  <Folder Name="/Host/">
    <Project Path="Nexa.Jvm.Host/Nexa.Jvm.Host.csproj" />
    <Project Path="Nexa.Desktop/Nexa.Desktop.csproj" />
  </Folder>
  <Folder Name="/Tests/">
    <Project Path="tests/Nexa.Xsr.ArchitectureTests/Nexa.Xsr.ArchitectureTests.csproj" />
    <Project Path="tests/Nexa.Xsr.Runtime.Tests/Nexa.Xsr.Runtime.Tests.csproj" />
    <Project Path="tests/Nexa.UI.Next.Tests/Nexa.UI.Next.Tests.csproj" />
    <Project Path="tests/Nexa.UI.Next.Backend.Avalonia.Tests/Nexa.UI.Next.Backend.Avalonia.Tests.csproj" />
    <Project Path="tests/Nexa.Pxml.Tests/Nexa.Pxml.Tests.csproj" />
    <Project Path="tests/Nexa.Sidecar.Tests/Nexa.Sidecar.Tests.csproj" />
    <Project Path="tests/Nexa.Services.Tests/Nexa.Services.Tests.csproj" />
    <Project Path="tests/Nexa.Desktop.Tests/Nexa.Desktop.Tests.csproj" />
    <Project Path="tools/CapabilityProbe/CapabilityProbe.csproj" />
    <Project Path="tools/Nexa.Minecraft.Benchmarks/Nexa.Minecraft.Benchmarks.csproj" />
  </Folder>
</Solution>
